
Microsoft Visual Studio Solution File, Format Version 12.00
# Visual Studio Version 17
VisualStudioVersion = 17.9.34728.123
MinimumVisualStudioVersion = 10.0.40219.1
Project("{FAE04EC0-301F-11D3-BF4B-00C04F79EFBC}") = "my-service", "my-service\my-service.csproj", "{1774CB74-BE14-496C-B8CF-CC8F036DEB6E}"
EndProject
Global
	GlobalSection(SolutionConfigurationPlatforms) = preSolution
		Debug|Any CPU = Debug|Any CPU
		Release|Any CPU = Release|Any CPU
	EndGlobalSection
	GlobalSection(ProjectConfigurationPlatforms) = postSolution
		{1774CB74-BE14-496C-B8CF-CC8F036DEB6E}.Debug|Any CPU.ActiveCfg = Debug|Any CPU
		{1774CB74-BE14-496C-B8CF-CC8F036DEB6E}.Debug|Any CPU.Build.0 = Debug|Any CPU
		{1774CB74-BE14-496C-B8CF-CC8F036DEB6E}.Release|Any CPU.ActiveCfg = Release|Any CPU
		{1774CB74-BE14-496C-B8CF-CC8F036DEB6E}.Release|Any CPU.Build.0 = Release|Any CPU
	EndGlobalSection
	GlobalSection(SolutionProperties) = preSolution
		HideSolutionNode = FALSE
	EndGlobalSection
	GlobalSection(ExtensibilityGlobals) = postSolution
		SolutionGuid = {E5EAFA4A-9B8C-45D2-85F3-0F80A3D9CA63}
	EndGlobalSection
EndGlobal
